
Microsoft Visual Studio Solution File, Format Version 12.00
# Visual Studio Version 16
VisualStudioVersion = 16.0.31729.503
MinimumVisualStudioVersion = 10.0.40219.1
Project("{FAE04EC0-301F-11D3-BF4B-00C04F79EFBC}") = "4reqemlieded", "4reqemlieded\4reqemlieded.csproj", "{AAD12488-CCF0-4FAE-94B2-332F5B66A970}"
EndProject
Global
	GlobalSection(SolutionConfigurationPlatforms) = preSolution
		Debug|Any CPU = Debug|Any CPU
		Release|Any CPU = Release|Any CPU
	EndGlobalSection
	GlobalSection(ProjectConfigurationPlatforms) = postSolution
		{AAD12488-CCF0-4FAE-94B2-332F5B66A970}.Debug|Any CPU.ActiveCfg = Debug|Any CPU
		{AAD12488-CCF0-4FAE-94B2-332F5B66A970}.Debug|Any CPU.Build.0 = Debug|Any CPU
		{AAD12488-CCF0-4FAE-94B2-332F5B66A970}.Release|Any CPU.ActiveCfg = Release|Any CPU
		{AAD12488-CCF0-4FAE-94B2-332F5B66A970}.Release|Any CPU.Build.0 = Release|Any CPU
	EndGlobalSection
	GlobalSection(SolutionProperties) = preSolution
		HideSolutionNode = FALSE
	EndGlobalSection
	GlobalSection(ExtensibilityGlobals) = postSolution
		SolutionGuid = {98745D8A-4256-481A-B482-ED467AB2573A}
	EndGlobalSection
EndGlobal
